  # language=Markdown
description: |
  Information for supporting the podcast via one of the "Value for Value" methods. May not be reported.


  Value is a string of JSON data representing the feed value block data.


  Examples:
    - `lightning` value type: https://api.podcastindex.org/api/1.0/podcasts/byfeedid?id=169991&pretty
    - `webmonetization` value type: https://api.podcastindex.org/api/1.0/podcasts/byfeedid?id=779873&pretty
type: string
# TODO: waiting for clarification on format https://podcastindex.social/@steven/113014028344047257
